// !$*UTF8*$!
{
	archiveVersion = 1;
	classes = {
	};
	objectVersion = 46;
	objects = {

/* Begin PBXBuildFile section */
		104AEA961A6A8497005AE964 /* AlbertEinsteinStamp.jpg in Resources */ = {isa = PBXBuildFile; fileRef = 104AEA951A6A8497005AE964 /* AlbertEinsteinStamp.jpg */; };
		104AEA981A6A852B005AE964 /* SagradaFamilia.jpeg in Resources */ = {isa = PBXBuildFile; fileRef = 104AEA971A6A852B005AE964 /* SagradaFamilia.jpeg */; };
		106087871A6A7471003F68A6 /* AppDelegate.swift in Sources */ = {isa = PBXBuildFile; fileRef = 106087861A6A7471003F68A6 /* AppDelegate.swift */; };
		106087891A6A7471003F68A6 /* ViewController.swift in Sources */ = {isa = PBXBuildFile; fileRef = 106087881A6A7471003F68A6 /* ViewController.swift */; };
		1060878C1A6A7471003F68A6 /* Main.storyboard in Resources */ = {isa = PBXBuildFile; fileRef = 1060878A1A6A7471003F68A6 /* Main.storyboard */; };
		1060878E1A6A7471003F68A6 /* Images.xcassets in Resources */ = {isa = PBXBuildFile; fileRef = 1060878D1A6A7471003F68A6 /* Images.xcassets */; };
		106087911A6A7471003F68A6 /* LaunchScreen.xib in Resources */ = {isa = PBXBuildFile; fileRef = 1060878F1A6A7471003F68A6 /* LaunchScreen.xib */; };
		1060879D1A6A7471003F68A6 /* PostcardTests.swift in Sources */ = {isa = PBXBuildFile; fileRef = 1060879C1A6A7471003F68A6 /* PostcardTests.swift */; };
/* End PBXBuildFile section */

/* Begin PBXContainerItemProxy section */
		106087971A6A7471003F68A6 /* PBXContainerItemProxy */ = {
			isa = PBXContainerItemProxy;
			containerPortal = 106087791A6A7471003F68A6 /* Project object */;
			proxyType = 1;
			remoteGlobalIDString = 106087801A6A7471003F68A6;
			remoteInfo = Postcard;
		};
/* End PBXContainerItemProxy section */

/* Begin PBXFileReference section */
		104AEA951A6A8497005AE964 /* AlbertEinsteinStamp.jpg */ = {isa = PBXFileReference; lastKnownFileType = image.jpeg; path = AlbertEinsteinStamp.jpg; sourceTree = "<group>"; };
		104AEA971A6A852B005AE964 /* SagradaFamilia.jpeg */ = {isa = PBXFileReference; lastKnownFileType = image.jpeg; path = SagradaFamilia.jpeg; sourceTree = "<group>"; };
		106087811A6A7471003F68A6 /* Postcard.app */ = {isa = PBXFileReference; explicitFileType = wrapper.application; includeInIndex = 0; path = Postcard.app; sourceTree = BUILT_PRODUCTS_DIR; };
		106087851A6A7471003F68A6 /* Info.plist */ = {isa = PBXFileReference; lastKnownFileType = text.plist.xml; path = Info.plist; sourceTree = "<group>"; };
		106087861A6A7471003F68A6 /* AppDelegate.swift */ = {isa = PBXFileReference; lastKnownFileType = sourcecode.swift; path = AppDelegate.swift; sourceTree = "<group>"; };
		106087881A6A7471003F68A6 /* ViewController.swift */ = {isa = PBXFileReference; lastKnownFileType = sourcecode.swift; path = ViewController.swift; sourceTree = "<group>"; };
		1060878B1A6A7471003F68A6 /* Base */ = {isa = PBXFileReference; lastKnownFileType = file.storyboard; name = Base; path = Base.lproj/Main.storyboard; sourceTree = "<group>"; };
		1060878D1A6A7471003F68A6 /* Images.xcassets */ = {isa = PBXFileReference; lastKnownFileType = folder.assetcatalog; path = Images.xcassets; sourceTree = "<group>"; };
		106087901A6A7471003F68A6 /* Base */ = {isa = PBXFileReference; lastKnownFileType = file.xib; name = Base; path = Base.lproj/LaunchScreen.xib; sourceTree = "<group>"; };
		106087961A6A7471003F68A6 /* PostcardTests.xctest */ = {isa = PBXFileReference; explicitFileType = wrapper.cfbundle; includeInIndex = 0; path = PostcardTests.xctest; sourceTree = BUILT_PRODUCTS_DIR; };
		1060879B1A6A7471003F68A6 /* Info.plist */ = {isa = PBXFileReference; lastKnownFileType = text.plist.xml; path = Info.plist; sourceTree = "<group>"; };
		1060879C1A6A7471003F68A6 /* PostcardTests.swift */ = {isa = PBXFileReference; lastKnownFileType = sourcecode.swift; path = PostcardTests.swift; sourceTree = "<group>"; };
/* End PBXFileReference section */

/* Begin PBXFrameworksBuildPhase section */
		1060877E1A6A7471003F68A6 /* Frameworks */ = {
			isa = PBXFrameworksBuildPhase;
			buildActionMask = 2147483647;
			files = (
			);
			runOnlyForDeploymentPostprocessing = 0;
		};
		106087931A6A7471003F68A6 /* Frameworks */ = {
			isa = PBXFrameworksBuildPhase;
			buildActionMask = 2147483647;
			files = (
			);
			runOnlyForDeploymentPostprocessing = 0;
		};
/* End PBXFrameworksBuildPhase section */

/* Begin PBXGroup section */
		106087781A6A7471003F68A6 = {
			isa = PBXGroup;
			children = (
				106087831A6A7471003F68A6 /* Postcard */,
				106087991A6A7471003F68A6 /* PostcardTests */,
				106087821A6A7471003F68A6 /* Products */,
			);
			sourceTree = "<group>";
		};
		106087821A6A7471003F68A6 /* Products */ = {
			isa = PBXGroup;
			children = (
				106087811A6A7471003F68A6 /* Postcard.app */,
				106087961A6A7471003F68A6 /* PostcardTests.xctest */,
			);
			name = Products;
			sourceTree = "<group>";
		};
		106087831A6A7471003F68A6 /* Postcard */ = {
			isa = PBXGroup;
			children = (
				106087861A6A7471003F68A6 /* AppDelegate.swift */,
				106087881A6A7471003F68A6 /* ViewController.swift */,
				1060878A1A6A7471003F68A6 /* Main.storyboard */,
				1060878D1A6A7471003F68A6 /* Images.xcassets */,
				1060878F1A6A7471003F68A6 /* LaunchScreen.xib */,
				106087841A6A7471003F68A6 /* Supporting Files */,
			);
			path = Postcard;
			sourceTree = "<group>";
		};
		106087841A6A7471003F68A6 /* Supporting Files */ = {
			isa = PBXGroup;
			children = (
				104AEA971A6A852B005AE964 /* SagradaFamilia.jpeg */,
				104AEA951A6A8497005AE964 /* AlbertEinsteinStamp.jpg */,
				106087851A6A7471003F68A6 /* Info.plist */,
			);
			name = "Supporting Files";
			sourceTree = "<group>";
		};
		106087991A6A7471003F68A6 /* PostcardTests */ = {
			isa = PBXGroup;
			children = (
				1060879C1A6A7471003F68A6 /* PostcardTests.swift */,
				1060879A1A6A7471003F68A6 /* Supporting Files */,
			);
			path = PostcardTests;
			sourceTree = "<group>";
		};
		1060879A1A6A7471003F68A6 /* Supporting Files */ = {
			isa = PBXGroup;
			children = (
				1060879B1A6A7471003F68A6 /* Info.plist */,
			);
			name = "Supporting Files";
			sourceTree = "<group>";
		};
/* End PBXGroup section */

/* Begin PBXNativeTarget section */
		106087801A6A7471003F68A6 /* Postcard */ = {
			isa = PBXNativeTarget;
			buildConfigurationList = 106087A01A6A7471003F68A6 /* Build configuration list for PBXNativeTarget "Postcard" */;
			buildPhases = (
				1060877D1A6A7471003F68A6 /* Sources */,
				1060877E1A6A7471003F68A6 /* Frameworks */,
				1060877F1A6A7471003F68A6 /* Resources */,
			);
			buildRules = (
			);
			dependencies = (
			);
			name = Postcard;
			productName = Postcard;
			productReference = 106087811A6A7471003F68A6 /* Postcard.app */;
			productType = "com.apple.product-type.application";
		};
		106087951A6A7471003F68A6 /* PostcardTests */ = {
			isa = PBXNativeTarget;
			buildConfigurationList = 106087A31A6A7471003F68A6 /* Build configuration list for PBXNativeTarget "PostcardTests" */;
			buildPhases = (
				106087921A6A7471003F68A6 /* Sources */,
				106087931A6A7471003F68A6 /* Frameworks */,
				106087941A6A7471003F68A6 /* Resources */,
			);
			buildRules = (
			);
			dependencies = (
				106087981A6A7471003F68A6 /* PBXTargetDependency */,
			);
			name = PostcardTests;
			productName = PostcardTests;
			productReference = 106087961A6A7471003F68A6 /* PostcardTests.xctest */;
			productType = "com.apple.product-type.bundle.unit-test";
		};
/* End PBXNativeTarget section */

/* Begin PBXProject section */
		106087791A6A7471003F68A6 /* Project object */ = {
			isa = PBXProject;
			attributes = {
				LastUpgradeCheck = 0610;
				ORGANIZATIONNAME = maraserve;
				TargetAttributes = {
					106087801A6A7471003F68A6 = {
						CreatedOnToolsVersion = 6.1.1;
						DevelopmentTeam = AF6LV9353R;
					};
					106087951A6A7471003F68A6 = {
						CreatedOnToolsVersion = 6.1.1;
						TestTargetID = 106087801A6A7471003F68A6;
					};
				};
			};
			buildConfigurationList = 1060877C1A6A7471003F68A6 /* Build configuration list for PBXProject "Postcard" */;
			compatibilityVersion = "Xcode 3.2";
			developmentRegion = English;
			hasScannedForEncodings = 0;
			knownRegions = (
				en,
				Base,
			);
			mainGroup = 106087781A6A7471003F68A6;
			productRefGroup = 106087821A6A7471003F68A6 /* Products */;
			projectDirPath = "";
			projectRoot = "";
			targets = (
				106087801A6A7471003F68A6 /* Postcard */,
				106087951A6A7471003F68A6 /* PostcardTests */,
			);
		};
/* End PBXProject section */

/* Begin PBXResourcesBuildPhase section */
		1060877F1A6A7471003F68A6 /* Resources */ = {
			isa = PBXResourcesBuildPhase;
			buildActionMask = 2147483647;
			files = (
				1060878C1A6A7471003F68A6 /* Main.storyboard in Resources */,
				106087911A6A7471003F68A6 /* LaunchScreen.xib in Resources */,
				1060878E1A6A7471003F68A6 /* Images.xcassets in Resources */,
				104AEA961A6A8497005AE964 /* AlbertEinsteinStamp.jpg in Resources */,
				104AEA981A6A852B005AE964 /* SagradaFamilia.jpeg in Resources */,
			);
			runOnlyForDeploymentPostprocessing = 0;
		};
		106087941A6A7471003F68A6 /* Resources */ = {
			isa = PBXResourcesBuildPhase;
			buildActionMask = 2147483647;
			files = (
			);
			runOnlyForDeploymentPostprocessing = 0;
		};
/* End PBXResourcesBuildPhase section */

/* Begin PBXSourcesBuildPhase section */
		1060877D1A6A7471003F68A6 /* Sources */ = {
			isa = PBXSourcesBuildPhase;
			buildActionMask = 2147483647;
			files = (
				106087891A6A7471003F68A6 /* ViewController.swift in Sources */,
				106087871A6A7471003F68A6 /* AppDelegate.swift in Sources */,
			);
			runOnlyForDeploymentPostprocessing = 0;
		};
		106087921A6A7471003F68A6 /* Sources */ = {
			isa = PBXSourcesBuildPhase;
			buildActionMask = 2147483647;
			files = (
				1060879D1A6A7471003F68A6 /* PostcardTests.swift in Sources */,
			);
			runOnlyForDeploymentPostprocessing = 0;
		};
/* End PBXSourcesBuildPhase section */

/* Begin PBXTargetDependency section */
		106087981A6A7471003F68A6 /* PBXTargetDependency */ = {
			isa = PBXTargetDependency;
			target = 106087801A6A7471003F68A6 /* Postcard */;
			targetProxy = 106087971A6A7471003F68A6 /* PBXContainerItemProxy */;
		};
/* End PBXTargetDependency section */

/* Begin PBXVariantGroup section */
		1060878A1A6A7471003F68A6 /* Main.storyboard */ = {
			isa = PBXVariantGroup;
			children = (
				1060878B1A6A7471003F68A6 /* Base */,
			);
			name = Main.storyboard;
			sourceTree = "<group>";
		};
		1060878F1A6A7471003F68A6 /* LaunchScreen.xib */ = {
			isa = PBXVariantGroup;
			children = (
				106087901A6A7471003F68A6 /* Base */,
			);
			name = LaunchScreen.xib;
			sourceTree = "<group>";
		};
/* End PBXVariantGroup section */

/* Begin XCBuildConfiguration section */
		1060879E1A6A7471003F68A6 /* Debug */ = {
			isa = XCBuildConfiguration;
			buildSettings = {
				ALWAYS_SEARCH_USER_PATHS = NO;
				CLANG_CXX_LANGUAGE_STANDARD = "gnu++0x";
				CLANG_CXX_LIBRARY = "libc++";
				CLANG_ENABLE_MODULES = YES;
				CLANG_ENABLE_OBJC_ARC = YES;
				CLANG_WARN_BOOL_CONVERSION = YES;
				CLANG_WARN_CONSTANT_CONVERSION = YES;
				CLANG_WARN_DIRECT_OBJC_ISA_USAGE = YES_ERROR;
				CLANG_WARN_EMPTY_BODY = YES;
				CLANG_WARN_ENUM_CONVERSION = YES;
				CLANG_WARN_INT_CONVERSION = YES;
				CLANG_WARN_OBJC_ROOT_CLASS = YES_ERROR;
				CLANG_WARN_UNREACHABLE_CODE = YES;
				CLANG_WARN__DUPLICATE_METHOD_MATCH = YES;
				"CODE_SIGN_IDENTITY[sdk=iphoneos*]" = "iPhone Developer";
				COPY_PHASE_STRIP = NO;
				ENABLE_STRICT_OBJC_MSGSEND = YES;
				GCC_C_LANGUAGE_STANDARD = gnu99;
				GCC_DYNAMIC_NO_PIC = NO;
				GCC_OPTIMIZATION_LEVEL = 0;
				GCC_PREPROCESSOR_DEFINITIONS = (
					"DEBUG=1",
					"$(inherited)",
				);
				GCC_SYMBOLS_PRIVATE_EXTERN = NO;
				GCC_WARN_64_TO_32_BIT_CONVERSION = YES;
				GCC_WARN_ABOUT_RETURN_TYPE = YES_ERROR;
				GCC_WARN_UNDECLARED_SELECTOR = YES;
				GCC_WARN_UNINITIALIZED_AUTOS = YES_AGGRESSIVE;
				GCC_WARN_UNUSED_FUNCTION = YES;
				GCC_WARN_UNUSED_VARIABLE = YES;
				IPHONEOS_DEPLOYMENT_TARGET = 8.1;
				MTL_ENABLE_DEBUG_INFO = YES;
				ONLY_ACTIVE_ARCH = YES;
				SDKROOT = iphoneos;
				SWIFT_OPTIMIZATION_LEVEL = "-Onone";
				TARGETED_DEVICE_FAMILY = "1,2";
			};
			name = Debug;
		};
		1060879F1A6A7471003F68A6 /* Release */ = {
			isa = XCBuildConfiguration;
			buildSettings = {
				ALWAYS_SEARCH_USER_PATHS = NO;
				CLANG_CXX_LANGUAGE_STANDARD = "gnu++0x";
				CLANG_CXX_LIBRARY = "libc++";
				CLANG_ENABLE_MODULES = YES;
				CLANG_ENABLE_OBJC_ARC = YES;
				CLANG_WARN_BOOL_CONVERSION = YES;
				CLANG_WARN_CONSTANT_CONVERSION = YES;
				CLANG_WARN_DIRECT_OBJC_ISA_USAGE = YES_ERROR;
				CLANG_WARN_EMPTY_BODY = YES;
				CLANG_WARN_ENUM_CONVERSION = YES;
				CLANG_WARN_INT_CONVERSION = YES;
				CLANG_WARN_OBJC_ROOT_CLASS = YES_ERROR;
				CLANG_WARN_UNREACHABLE_CODE = YES;
				CLANG_WARN__DUPLICATE_METHOD_MATCH = YES;
				"CODE_SIGN_IDENTITY[sdk=iphoneos*]" = "iPhone Developer";
				COPY_PHASE_STRIP = YES;
				ENABLE_NS_ASSERTIONS = NO;
				ENABLE_STRICT_OBJC_MSGSEND = YES;
				GCC_C_LANGUAGE_STANDARD = gnu99;
				GCC_WARN_64_TO_32_BIT_CONVERSION = YES;
				GCC_WARN_ABOUT_RETURN_TYPE = YES_ERROR;
				GCC_WARN_UNDECLARED_SELECTOR = YES;
				GCC_WARN_UNINITIALIZED_AUTOS = YES_AGGRESSIVE;
				GCC_WARN_UNUSED_FUNCTION = YES;
				GCC_WARN_UNUSED_VARIABLE = YES;
				IPHONEOS_DEPLOYMENT_TARGET = 8.1;
				MTL_ENABLE_DEBUG_INFO = NO;
				SDKROOT = iphoneos;
				TARGETED_DEVICE_FAMILY = "1,2";
				VALIDATE_PRODUCT = YES;
			};
			name = Release;
		};
		106087A11A6A7471003F68A6 /* Debug */ = {
			isa = XCBuildConfiguration;
			buildSettings = {
				ASSETCATALOG_COMPILER_APPICON_NAME = AppIcon;
				CODE_SIGN_IDENTITY = "iPhone Developer";
				INFOPLIST_FILE = Postcard/Info.plist;
				LD_RUNPATH_SEARCH_PATHS = "$(inherited) @executable_path/Frameworks";
				PRODUCT_NAME = "$(TARGET_NAME)";
			};
			name = Debug;
		};
		106087A21A6A7471003F68A6 /* Release */ = {
			isa = XCBuildConfiguration;
			buildSettings = {
				ASSETCATALOG_COMPILER_APPICON_NAME = AppIcon;
				CODE_SIGN_IDENTITY = "iPhone Developer";
				INFOPLIST_FILE = Postcard/Info.plist;
				LD_RUNPATH_SEARCH_PATHS = "$(inherited) @executable_path/Frameworks";
				PRODUCT_NAME = "$(TARGET_NAME)";
			};
			name = Release;
		};
		106087A41A6A7471003F68A6 /* Debug */ = {
			isa = XCBuildConfiguration;
			buildSettings = {
				BUNDLE_LOADER = "$(TEST_HOST)";
				FRAMEWORK_SEARCH_PATHS = (
					"$(SDKROOT)/Developer/Library/Frameworks",
					"$(inherited)",
				);
				GCC_PREPROCESSOR_DEFINITIONS = (
					"DEBUG=1",
					"$(inherited)",
				);
				INFOPLIST_FILE = PostcardTests/Info.plist;
				LD_RUNPATH_SEARCH_PATHS = "$(inherited) @executable_path/Frameworks @loader_path/Frameworks";
				PRODUCT_NAME = "$(TARGET_NAME)";
				TEST_HOST = "$(BUILT_PRODUCTS_DIR)/Postcard.app/Postcard";
			};
			name = Debug;
		};
		106087A51A6A7471003F68A6 /* Release */ = {
			isa = XCBuildConfiguration;
			buildSettings = {
				BUNDLE_LOADER = "$(TEST_HOST)";
				FRAMEWORK_SEARCH_PATHS = (
					"$(SDKROOT)/Developer/Library/Frameworks",
					"$(inherited)",
				);
				INFOPLIST_FILE = PostcardTests/Info.plist;
				LD_RUNPATH_SEARCH_PATHS = "$(inherited) @executable_path/Frameworks @loader_path/Frameworks";
				PRODUCT_NAME = "$(TARGET_NAME)";
				TEST_HOST = "$(BUILT_PRODUCTS_DIR)/Postcard.app/Postcard";
			};
			name = Release;
		};
/* End XCBuildConfiguration section */

/* Begin XCConfigurationList section */
		1060877C1A6A7471003F68A6 /* Build configuration list for PBXProject "Postcard" */ = {
			isa = XCConfigurationList;
			buildConfigurations = (
				1060879E1A6A7471003F68A6 /* Debug */,
				1060879F1A6A7471003F68A6 /* Release */,
			);
			defaultConfigurationIsVisible = 0;
			defaultConfigurationName = Release;
		};
		106087A01A6A7471003F68A6 /* Build configuration list for PBXNativeTarget "Postcard" */ = {
			isa = XCConfigurationList;
			buildConfigurations = (
				106087A11A6A7471003F68A6 /* Debug */,
				106087A21A6A7471003F68A6 /* Release */,
			);
			defaultConfigurationIsVisible = 0;
			defaultConfigurationName = Release;
		};
		106087A31A6A7471003F68A6 /* Build configuration list for PBXNativeTarget "PostcardTests" */ = {
			isa = XCConfigurationList;
			buildConfigurations = (
				106087A41A6A7471003F68A6 /* Debug */,
				106087A51A6A7471003F68A6 /* Release */,
			);
			defaultConfigurationIsVisible = 0;
			defaultConfigurationName = Release;
		};
/* End XCConfigurationList section */
	};
	rootObject = 106087791A6A7471003F68A6 /* Project object */;
}
